
Microsoft Visual Studio Solution File, Format Version 12.00
# Visual Studio Version 17
VisualStudioVersion = 17.1.32421.90
MinimumVisualStudioVersion = 10.0.40219.1
Project("{FAE04EC0-301F-11D3-BF4B-00C04F79EFBC}") = "csharp-api", "csharp-api\csharp-api.csproj", "{80E07197-2AD4-47CE-A008-72A119FC9701}"
EndProject
Global
	GlobalSection(SolutionConfigurationPlatforms) = preSolution
		Debug|Any CPU = Debug|Any CPU
		Release|Any CPU = Release|Any CPU
	EndGlobalSection
	GlobalSection(ProjectConfigurationPlatforms) = postSolution
		{80E07197-2AD4-47CE-A008-72A119FC9701}.Debug|Any CPU.ActiveCfg = Debug|Any CPU
		{80E07197-2AD4-47CE-A008-72A119FC9701}.Debug|Any CPU.Build.0 = Debug|Any CPU
		{80E07197-2AD4-47CE-A008-72A119FC9701}.Release|Any CPU.ActiveCfg = Release|Any CPU
		{80E07197-2AD4-47CE-A008-72A119FC9701}.Release|Any CPU.Build.0 = Release|Any CPU
	EndGlobalSection
	GlobalSection(SolutionProperties) = preSolution
		HideSolutionNode = FALSE
	EndGlobalSection
	GlobalSection(ExtensibilityGlobals) = postSolution
		SolutionGuid = {306C7E23-1464-4548-86C5-21F8F192DD0A}
	EndGlobalSection
EndGlobal
